
Microsoft Visual Studio Solution File, Format Version 12.00
# Visual Studio Version 17
VisualStudioVersion = 17.4.33205.214
MinimumVisualStudioVersion = 10.0.40219.1
Project("{FAE04EC0-301F-11D3-BF4B-00C04F79EFBC}") = "oz31-32", "oz31-32\oz31-32.csproj", "{6CBB4B56-DCCA-4390-81E5-3E2BDBF76193}"
EndProject
Global
	GlobalSection(SolutionConfigurationPlatforms) = preSolution
		Debug|Any CPU = Debug|Any CPU
		Release|Any CPU = Release|Any CPU
	EndGlobalSection
	GlobalSection(ProjectConfigurationPlatforms) = postSolution
		{6CBB4B56-DCCA-4390-81E5-3E2BDBF76193}.Debug|Any CPU.ActiveCfg = Debug|Any CPU
		{6CBB4B56-DCCA-4390-81E5-3E2BDBF76193}.Debug|Any CPU.Build.0 = Debug|Any CPU
		{6CBB4B56-DCCA-4390-81E5-3E2BDBF76193}.Release|Any CPU.ActiveCfg = Release|Any CPU
		{6CBB4B56-DCCA-4390-81E5-3E2BDBF76193}.Release|Any CPU.Build.0 = Release|Any CPU
	EndGlobalSection
	GlobalSection(SolutionProperties) = preSolution
		HideSolutionNode = FALSE
	EndGlobalSection
	GlobalSection(ExtensibilityGlobals) = postSolution
		SolutionGuid = {038F7ED7-22E4-48DA-AE88-A24DB0A13227}
	EndGlobalSection
EndGlobal
